{
  "lockfileVersion": 1,
  "configVersion": 1,
  "workspaces": {
    "": {
      "name": "learning",
      "devDependencies": {
        "@types/bun": "latest",
        "turbo": "^2.8.3",
      },
      "peerDependencies": {
        "typescript": "^5",
      },
    },
    "apps/symapi": {
      "name": "@learning/symapi",
    },
    "packages/core": {
      "name": "@learning/core",
      "dependencies": {
        "@cortex-js/compute-engine": "^0.33.0",
        "es-toolkit": "^1.44.0",
        "solid-js": "^1.9.11",
        "zod": "catalog:",
      },
      "devDependencies": {
        "@types/bun": "latest",
        "openapi-typescript": "^7.10.1",
      },
      "peerDependencies": {
        "typescript": "^5",
      },
    },
    "packages/exercises": {
      "name": "@learning/exercises",
      "dependencies": {
        "@learning/core": "workspace:",
        "solid-js": "catalog:",
        "zod": "catalog:",
      },
      "devDependencies": {
        "@types/bun": "latest",
      },
      "peerDependencies": {
        "typescript": "^5",
      },
    },
  },
  "catalog": {
    "solid-js": "^1.9.11",
    "zod": "^4.3.6",
  },
  "packages": {
    "@babel/code-frame": ["@babel/code-frame@7.29.0", "", { "dependencies": { "@babel/helper-validator-identifier": "^7.28.5", "js-tokens": "^4.0.0", "picocolors": "^1.1.1" } }, "sha512-9NhCeYjq9+3uxgdtp20LSiJXJvN0FeCtNGpJxuMFZ1Kv3cWUNb6DOhJwUvcVCzKGR66cw4njwM6hrJLqgOwbcw=="],

    "@babel/helper-validator-identifier": ["@babel/helper-validator-identifier@7.28.5", "", {}, "sha512-qSs4ifwzKJSV39ucNjsvc6WVHs6b7S03sOh2OcHF9UHfVPqWWALUsNUVzhSBiItjRZoLHx7nIarVjqKVusUZ1Q=="],

    "@cortex-js/compute-engine": ["@cortex-js/compute-engine@0.33.0", "", { "dependencies": { "complex-esm": "^2.1.1-esm1", "decimal.js": "^10.6.0" } }, "sha512-GA80QXBRGratXQlVylrCt3fne2HTYEKn81I/Y0sdJDa/5YpGUjbBDefhs6zYoEXVPwLlPmTiPDBOL07KFtqFvg=="],

    "@learning/core": ["@learning/core@workspace:packages/core"],

    "@learning/exercises": ["@learning/exercises@workspace:packages/exercises"],

    "@learning/symapi": ["@learning/symapi@workspace:apps/symapi"],

    "@redocly/ajv": ["@redocly/ajv@8.17.3", "", { "dependencies": { "fast-deep-equal": "^3.1.3", "fast-uri": "^3.0.1", "json-schema-traverse": "^1.0.0", "require-from-string": "^2.0.2" } }, "sha512-NQsbJbB/GV7JVO88ebFkMndrnuGp/dTm5/2NISeg+JGcLzTfGBJZ01+V5zD8nKBOpi/dLLNFT+Ql6IcUk8ehng=="],

    "@redocly/config": ["@redocly/config@0.22.2", "", {}, "sha512-roRDai8/zr2S9YfmzUfNhKjOF0NdcOIqF7bhf4MVC5UxpjIysDjyudvlAiVbpPHp3eDRWbdzUgtkK1a7YiDNyQ=="],

    "@redocly/openapi-core": ["@redocly/openapi-core@1.34.6", "", { "dependencies": { "@redocly/ajv": "^8.11.2", "@redocly/config": "^0.22.0", "colorette": "^1.2.0", "https-proxy-agent": "^7.0.5", "js-levenshtein": "^1.1.6", "js-yaml": "^4.1.0", "minimatch": "^5.0.1", "pluralize": "^8.0.0", "yaml-ast-parser": "0.0.43" } }, "sha512-2+O+riuIUgVSuLl3Lyh5AplWZyVMNuG2F98/o6NrutKJfW4/GTZdPpZlIphS0HGgcOHgmWcCSHj+dWFlZaGSHw=="],

    "@types/bun": ["@types/bun@1.3.7", "", { "dependencies": { "bun-types": "1.3.7" } }, "sha512-lmNuMda+Z9b7tmhA0tohwy8ZWFSnmQm1UDWXtH5r9F7wZCfkeO3Jx7wKQ1EOiKq43yHts7ky6r8SDJQWRNupkA=="],

    "@types/node": ["@types/node@25.0.10", "", { "dependencies": { "undici-types": "~7.16.0" } }, "sha512-zWW5KPngR/yvakJgGOmZ5vTBemDoSqF3AcV/LrO5u5wTWyEAVVh+IT39G4gtyAkh3CtTZs8aX/yRM82OfzHJRg=="],

    "agent-base": ["agent-base@7.1.4", "", {}, "sha512-MnA+YT8fwfJPgBx3m60MNqakm30XOkyIoH1y6huTQvC0PwZG7ki8NacLBcrPbNoo8vEZy7Jpuk7+jMO+CUovTQ=="],

    "ansi-colors": ["ansi-colors@4.1.3", "", {}, "sha512-/6w/C21Pm1A7aZitlI5Ni/2J6FFQN8i1Cvz3kHABAAbw93v/NlvKdVOqz7CCWz/3iv/JplRSEEZ83XION15ovw=="],

    "argparse": ["argparse@2.0.1", "", {}, "sha512-8+9WqebbFzpX9OR+Wa6O29asIogeRMzcGtAINdpMHHyAg10f05aSFVBbcEqGf/PXw1EjAZ+q2/bEBg3DvurK3Q=="],

    "balanced-match": ["balanced-match@1.0.2", "", {}, "sha512-3oSeUO0TMV67hN1AmbXsK4yaqU7tjiHlbxRDZOpH0KW9+CeX4bRAaX0Anxt0tx2MrpRpWwQaPwIlISEJhYU5Pw=="],

    "brace-expansion": ["brace-expansion@2.0.2", "", { "dependencies": { "balanced-match": "^1.0.0" } }, "sha512-Jt0vHyM+jmUBqojB7E1NIYadt0vI0Qxjxd2TErW94wDz+E2LAm5vKMXXwg6ZZBTHPuUlDgQHKXvjGBdfcF1ZDQ=="],

    "bun-types": ["bun-types@1.3.7", "", { "dependencies": { "@types/node": "*" } }, "sha512-qyschsA03Qz+gou+apt6HNl6HnI+sJJLL4wLDke4iugsE6584CMupOtTY1n+2YC9nGVrEKUlTs99jjRLKgWnjQ=="],

    "change-case": ["change-case@5.4.4", "", {}, "sha512-HRQyTk2/YPEkt9TnUPbOpr64Uw3KOicFWPVBb+xiHvd6eBx/qPr9xqfBFDT8P2vWsvvz4jbEkfDe71W3VyNu2w=="],

    "colorette": ["colorette@1.4.0", "", {}, "sha512-Y2oEozpomLn7Q3HFP7dpww7AtMJplbM9lGZP6RDfHqmbeRjiwRg4n6VM6j4KLmRke85uWEI7JqF17f3pqdRA0g=="],

    "complex-esm": ["complex-esm@2.1.1-esm1", "", {}, "sha512-IShBEWHILB9s7MnfyevqNGxV0A1cfcSnewL/4uPFiSxkcQL4Mm3FxJ0pXMtCXuWLjYz3lRRyk6OfkeDZcjD6nw=="],

    "csstype": ["csstype@3.2.3", "", {}, "sha512-z1HGKcYy2xA8AGQfwrn0PAy+PB7X/GSj3UVJW9qKyn43xWa+gl5nXmU4qqLMRzWVLFC8KusUX8T/0kCiOYpAIQ=="],

    "debug": ["debug@4.4.3", "", { "dependencies": { "ms": "^2.1.3" } }, "sha512-RGwwWnwQvkVfavKVt22FGLw+xYSdzARwm0ru6DhTVA3umU5hZc28V3kO4stgYryrTlLpuvgI9GiijltAjNbcqA=="],

    "decimal.js": ["decimal.js@10.6.0", "", {}, "sha512-YpgQiITW3JXGntzdUmyUR1V812Hn8T1YVXhCu+wO3OpS4eU9l4YdD3qjyiKdV6mvV29zapkMeD390UVEf2lkUg=="],

    "es-toolkit": ["es-toolkit@1.44.0", "", {}, "sha512-6penXeZalaV88MM3cGkFZZfOoLGWshWWfdy0tWw/RlVVyhvMaWSBTOvXNeiW3e5FwdS5ePW0LGEu17zT139ktg=="],

    "fast-deep-equal": ["fast-deep-equal@3.1.3", "", {}, "sha512-f3qQ9oQy9j2AhBe/H9VC91wLmKBCCU/gDOnKNAYG5hswO7BLKj09Hc5HYNz9cGI++xlpDCIgDaitVs03ATR84Q=="],

    "fast-uri": ["fast-uri@3.1.0", "", {}, "sha512-iPeeDKJSWf4IEOasVVrknXpaBV0IApz/gp7S2bb7Z4Lljbl2MGJRqInZiUrQwV16cpzw/D3S5j5Julj/gT52AA=="],

    "https-proxy-agent": ["https-proxy-agent@7.0.6", "", { "dependencies": { "agent-base": "^7.1.2", "debug": "4" } }, "sha512-vK9P5/iUfdl95AI+JVyUuIcVtd4ofvtrOr3HNtM2yxC9bnMbEdp3x01OhQNnjb8IJYi38VlTE3mBXwcfvywuSw=="],

    "index-to-position": ["index-to-position@1.2.0", "", {}, "sha512-Yg7+ztRkqslMAS2iFaU+Oa4KTSidr63OsFGlOrJoW981kIYO3CGCS3wA95P1mUi/IVSJkn0D479KTJpVpvFNuw=="],

    "js-levenshtein": ["js-levenshtein@1.1.6", "", {}, "sha512-X2BB11YZtrRqY4EnQcLX5Rh373zbK4alC1FW7D7MBhL2gtcC17cTnr6DmfHZeS0s2rTHjUTMMHfG7gO8SSdw+g=="],

    "js-tokens": ["js-tokens@4.0.0", "", {}, "sha512-RdJUflcE3cUzKiMqQgsCu06FPu9UdIJO0beYbPhHN4k6apgJtifcoCtT9bcxOpYBtpD2kCM6Sbzg4CausW/PKQ=="],

    "js-yaml": ["js-yaml@4.1.1", "", { "dependencies": { "argparse": "^2.0.1" }, "bin": { "js-yaml": "bin/js-yaml.js" } }, "sha512-qQKT4zQxXl8lLwBtHMWwaTcGfFOZviOJet3Oy/xmGk2gZH677CJM9EvtfdSkgWcATZhj/55JZ0rmy3myCT5lsA=="],

    "json-schema-traverse": ["json-schema-traverse@1.0.0", "", {}, "sha512-NM8/P9n3XjXhIZn1lLhkFaACTOURQXjWhV4BA/RnOv8xvgqtqpAX9IO4mRQxSx1Rlo4tqzeqb0sOlruaOy3dug=="],

    "minimatch": ["minimatch@5.1.6", "", { "dependencies": { "brace-expansion": "^2.0.1" } }, "sha512-lKwV/1brpG6mBUFHtb7NUmtABCb2WZZmm2wNiOA5hAb8VdCS4B3dtMWyvcoViccwAW/COERjXLt0zP1zXUN26g=="],

    "ms": ["ms@2.1.3", "", {}, "sha512-6FlzubTLZG3J2a/NVCAleEhjzq5oxgHyaCU9yYXvcLsvoVaHJq/s5xXI6/XXP6tz7R9xAOtHnSO/tXtF3WRTlA=="],

    "openapi-typescript": ["openapi-typescript@7.10.1", "", { "dependencies": { "@redocly/openapi-core": "^1.34.5", "ansi-colors": "^4.1.3", "change-case": "^5.4.4", "parse-json": "^8.3.0", "supports-color": "^10.2.2", "yargs-parser": "^21.1.1" }, "peerDependencies": { "typescript": "^5.x" }, "bin": { "openapi-typescript": "bin/cli.js" } }, "sha512-rBcU8bjKGGZQT4K2ekSTY2Q5veOQbVG/lTKZ49DeCyT9z62hM2Vj/LLHjDHC9W7LJG8YMHcdXpRZDqC1ojB/lw=="],

    "parse-json": ["parse-json@8.3.0", "", { "dependencies": { "@babel/code-frame": "^7.26.2", "index-to-position": "^1.1.0", "type-fest": "^4.39.1" } }, "sha512-ybiGyvspI+fAoRQbIPRddCcSTV9/LsJbf0e/S85VLowVGzRmokfneg2kwVW/KU5rOXrPSbF1qAKPMgNTqqROQQ=="],

    "picocolors": ["picocolors@1.1.1", "", {}, "sha512-xceH2snhtb5M9liqDsmEw56le376mTZkEX/jEb/RxNFyegNul7eNslCXP9FDj/Lcu0X8KEyMceP2ntpaHrDEVA=="],

    "pluralize": ["pluralize@8.0.0", "", {}, "sha512-Nc3IT5yHzflTfbjgqWcCPpo7DaKy4FnpB0l/zCAW0Tc7jxAiuqSxHasntB3D7887LSrA93kDJ9IXovxJYxyLCA=="],

    "require-from-string": ["require-from-string@2.0.2", "", {}, "sha512-Xf0nWe6RseziFMu+Ap9biiUbmplq6S9/p+7w7YXP/JBHhrUDDUhwa+vANyubuqfZWTveU//DYVGsDG7RKL/vEw=="],

    "seroval": ["seroval@1.5.0", "", {}, "sha512-OE4cvmJ1uSPrKorFIH9/w/Qwuvi/IMcGbv5RKgcJ/zjA/IohDLU6SVaxFN9FwajbP7nsX0dQqMDes1whk3y+yw=="],

    "seroval-plugins": ["seroval-plugins@1.5.0", "", { "peerDependencies": { "seroval": "^1.0" } }, "sha512-EAHqADIQondwRZIdeW2I636zgsODzoBDwb3PT/+7TLDWyw1Dy/Xv7iGUIEXXav7usHDE9HVhOU61irI3EnyyHA=="],

    "solid-js": ["solid-js@1.9.11", "", { "dependencies": { "csstype": "^3.1.0", "seroval": "~1.5.0", "seroval-plugins": "~1.5.0" } }, "sha512-WEJtcc5mkh/BnHA6Yrg4whlF8g6QwpmXXRg4P2ztPmcKeHHlH4+djYecBLhSpecZY2RRECXYUwIc/C2r3yzQ4Q=="],

    "supports-color": ["supports-color@10.2.2", "", {}, "sha512-SS+jx45GF1QjgEXQx4NJZV9ImqmO2NPz5FNsIHrsDjh2YsHnawpan7SNQ1o8NuhrbHZy9AZhIoCUiCeaW/C80g=="],

    "turbo": ["turbo@2.8.3", "", { "optionalDependencies": { "turbo-darwin-64": "2.8.3", "turbo-darwin-arm64": "2.8.3", "turbo-linux-64": "2.8.3", "turbo-linux-arm64": "2.8.3", "turbo-windows-64": "2.8.3", "turbo-windows-arm64": "2.8.3" }, "bin": { "turbo": "bin/turbo" } }, "sha512-8Osxz5Tu/Dw2kb31EAY+nhq/YZ3wzmQSmYa1nIArqxgCAldxv9TPlrAiaBUDVnKA4aiPn0OFBD1ACcpc5VFOAQ=="],

    "turbo-darwin-64": ["turbo-darwin-64@2.8.3", "", { "os": "darwin", "cpu": "x64" }, "sha512-4kXRLfcygLOeNcP6JquqRLmGB/ATjjfehiojL2dJkL7GFm3SPSXbq7oNj8UbD8XriYQ5hPaSuz59iF1ijPHkTw=="],

    "turbo-darwin-arm64": ["turbo-darwin-arm64@2.8.3", "", { "os": "darwin", "cpu": "arm64" }, "sha512-xF7uCeC0UY0Hrv/tqax0BMbFlVP1J/aRyeGQPZT4NjvIPj8gSPDgFhfkfz06DhUwDg5NgMo04uiSkAWE8WB/QQ=="],

    "turbo-linux-64": ["turbo-linux-64@2.8.3", "", { "os": "linux", "cpu": "x64" }, "sha512-vxMDXwaOjweW/4etY7BxrXCSkvtwh0PbwVafyfT1Ww659SedUxd5rM3V2ZCmbwG8NiCfY7d6VtxyHx3Wh1GoZA=="],

    "turbo-linux-arm64": ["turbo-linux-arm64@2.8.3", "", { "os": "linux", "cpu": "arm64" }, "sha512-mQX7uYBZFkuPLLlKaNe9IjR1JIef4YvY8f21xFocvttXvdPebnq3PK1Zjzl9A1zun2BEuWNUwQIL8lgvN9Pm3Q=="],

    "turbo-windows-64": ["turbo-windows-64@2.8.3", "", { "os": "win32", "cpu": "x64" }, "sha512-YLGEfppGxZj3VWcNOVa08h6ISsVKiG85aCAWosOKNUjb6yErWEuydv6/qImRJUI+tDLvDvW7BxopAkujRnWCrw=="],

    "turbo-windows-arm64": ["turbo-windows-arm64@2.8.3", "", { "os": "win32", "cpu": "arm64" }, "sha512-afTUGKBRmOJU1smQSBnFGcbq0iabAPwh1uXu2BVk7BREg30/1gMnJh9DFEQTah+UD3n3ru8V55J83RQNFfqoyw=="],

    "type-fest": ["type-fest@4.41.0", "", {}, "sha512-TeTSQ6H5YHvpqVwBRcnLDCBnDOHWYu7IvGbHT6N8AOymcr9PJGjc1GTtiWZTYg0NCgYwvnYWEkVChQAr9bjfwA=="],

    "typescript": ["typescript@5.9.3", "", { "bin": { "tsc": "bin/tsc", "tsserver": "bin/tsserver" } }, "sha512-jl1vZzPDinLr9eUt3J/t7V6FgNEw9QjvBPdysz9KfQDD41fQrC2Y4vKQdiaUpFT4bXlb1RHhLpp8wtm6M5TgSw=="],

    "undici-types": ["undici-types@7.16.0", "", {}, "sha512-Zz+aZWSj8LE6zoxD+xrjh4VfkIG8Ya6LvYkZqtUQGJPZjYl53ypCaUwWqo7eI0x66KBGeRo+mlBEkMSeSZ38Nw=="],

    "yaml-ast-parser": ["yaml-ast-parser@0.0.43", "", {}, "sha512-2PTINUwsRqSd+s8XxKaJWQlUuEMHJQyEuh2edBbW8KNJz0SJPwUSD2zRWqezFEdN7IzAgeuYHFUCF7o8zRdZ0A=="],

    "yargs-parser": ["yargs-parser@21.1.1", "", {}, "sha512-tVpsJW7DdjecAiFpbIB1e3qxIQsE6NoPc5/eTdrbbIC4h0LVsWhnoa3g+m2HclBIujHzsxZ4VJVA+GUuc2/LBw=="],

    "zod": ["zod@4.3.6", "", {}, "sha512-rftlrkhHZOcjDwkGlnUtZZkvaPHCsDATp4pGpuOOMDaTdDDXF91wuVDJoWoPsKX/3YPQ5fHuF3STjcYyKr+Qhg=="],

    "@learning/core/@types/bun": ["@types/bun@1.3.8", "", { "dependencies": { "bun-types": "1.3.8" } }, "sha512-3LvWJ2q5GerAXYxO2mffLTqOzEu5qnhEAlh48Vnu8WQfnmSwbgagjGZV6BoHKJztENYEDn6QmVd949W4uESRJA=="],

    "@learning/exercises/@types/bun": ["@types/bun@1.3.8", "", { "dependencies": { "bun-types": "1.3.8" } }, "sha512-3LvWJ2q5GerAXYxO2mffLTqOzEu5qnhEAlh48Vnu8WQfnmSwbgagjGZV6BoHKJztENYEDn6QmVd949W4uESRJA=="],

    "@learning/core/@types/bun/bun-types": ["bun-types@1.3.8", "", { "dependencies": { "@types/node": "*" } }, "sha512-fL99nxdOWvV4LqjmC+8Q9kW3M4QTtTR1eePs94v5ctGqU8OeceWrSUaRw3JYb7tU3FkMIAjkueehrHPPPGKi5Q=="],

    "@learning/exercises/@types/bun/bun-types": ["bun-types@1.3.8", "", { "dependencies": { "@types/node": "*" } }, "sha512-fL99nxdOWvV4LqjmC+8Q9kW3M4QTtTR1eePs94v5ctGqU8OeceWrSUaRw3JYb7tU3FkMIAjkueehrHPPPGKi5Q=="],
  }
}
